
Microsoft Visual Studio Solution File, Format Version 12.00
# Visual Studio 14
VisualStudioVersion = 14.0.25123.0
MinimumVisualStudioVersion = 10.0.40219.1
Project("{F184B08F-C81C-45F6-A57F-5ABD9991F28F}") = "KronosUI", "KronosUI\KronosUI\KronosUI.vbproj", "{5F7112B2-46BF-439E-A987-36A5FC68CA91}"
EndProject
Project("{00D1A9C2-B5F0-4AF3-8072-F6C62B433612}") = "kronosDB", "kronosDB\kronosDB.sqlproj", "{0FF11A5C-3897-4581-95B9-6708552995A4}"
EndProject
Global
	GlobalSection(SolutionConfigurationPlatforms) = preSolution
		Debug|Any CPU = Debug|Any CPU
		Release|Any CPU = Release|Any CPU
	EndGlobalSection
	GlobalSection(ProjectConfigurationPlatforms) = postSolution
		{5F7112B2-46BF-439E-A987-36A5FC68CA91}.Debug|Any CPU.ActiveCfg = Debug|Any CPU
		{5F7112B2-46BF-439E-A987-36A5FC68CA91}.Debug|Any CPU.Build.0 = Debug|Any CPU
		{5F7112B2-46BF-439E-A987-36A5FC68CA91}.Release|Any CPU.ActiveCfg = Release|Any CPU
		{5F7112B2-46BF-439E-A987-36A5FC68CA91}.Release|Any CPU.Build.0 = Release|Any CPU
		{0FF11A5C-3897-4581-95B9-6708552995A4}.Debug|Any CPU.ActiveCfg = Debug|Any CPU
		{0FF11A5C-3897-4581-95B9-6708552995A4}.Debug|Any CPU.Build.0 = Debug|Any CPU
		{0FF11A5C-3897-4581-95B9-6708552995A4}.Debug|Any CPU.Deploy.0 = Debug|Any CPU
		{0FF11A5C-3897-4581-95B9-6708552995A4}.Release|Any CPU.ActiveCfg = Release|Any CPU
		{0FF11A5C-3897-4581-95B9-6708552995A4}.Release|Any CPU.Build.0 = Release|Any CPU
		{0FF11A5C-3897-4581-95B9-6708552995A4}.Release|Any CPU.Deploy.0 = Release|Any CPU
	EndGlobalSection
	GlobalSection(SolutionProperties) = preSolution
		HideSolutionNode = FALSE
	EndGlobalSection
	GlobalSection(TeamFoundationVersionControl) = preSolution
		SccNumberOfProjects = 3
		SccEnterpriseProvider = {4CA58AB2-18FA-4F8D-95D4-32DDF27D184C}
		SccTeamFoundationServer = https://leighmorgan.visualstudio.com/
		SccLocalPath0 = .
		SccProjectUniqueName1 = KronosUI\\KronosUI\\KronosUI.vbproj
		SccProjectName1 = KronosUI/KronosUI
		SccLocalPath1 = KronosUI\\KronosUI
		SccProjectUniqueName2 = kronosDB\\kronosDB.sqlproj
		SccProjectName2 = kronosDB
		SccLocalPath2 = kronosDB
	EndGlobalSection
EndGlobal
